
Microsoft Visual Studio Solution File, Format Version 9.00
# Visual Studio 2005
Project("{8BC9CEB8-8B4A-11D0-8D11-00A0C91BC942}") = "Image Classification", "Image Classification\Image Classification.vcproj", "{7F7FA529-C8CA-4AAE-9396-72CE777E136A}"
EndProject
Global
	GlobalSection(SolutionConfigurationPlatforms) = preSolution
		Debug|Win32 = Debug|Win32
		Release|Win32 = Release|Win32
	EndGlobalSection
	GlobalSection(ProjectConfigurationPlatforms) = postSolution
		{7F7FA529-C8CA-4AAE-9396-72CE777E136A}.Debug|Win32.ActiveCfg = Debug|Win32
		{7F7FA529-C8CA-4AAE-9396-72CE777E136A}.Debug|Win32.Build.0 = Debug|Win32
		{7F7FA529-C8CA-4AAE-9396-72CE777E136A}.Release|Win32.ActiveCfg = Release|Win32
		{7F7FA529-C8CA-4AAE-9396-72CE777E136A}.Release|Win32.Build.0 = Release|Win32
	EndGlobalSection
	GlobalSection(SolutionProperties) = preSolution
		HideSolutionNode = FALSE
	EndGlobalSection
EndGlobal
